
Microsoft Visual Studio Solution File, Format Version 12.00
# Visual Studio 14
VisualStudioVersion = 14.0.25420.1
MinimumVisualStudioVersion = 10.0.40219.1
Project("{FAE04EC0-301F-11D3-BF4B-00C04F79EFBC}") = "ClickApp", "ClickApp\ClickApp.csproj", "{599B694A-FA1A-4727-87CD-7BE213882770}"
EndProject
Project("{FAE04EC0-301F-11D3-BF4B-00C04F79EFBC}") = "ClickApp.Selenium.Tests", "ClickApp.Tests\ClickApp.Selenium.Tests.csproj", "{C5CAF536-B733-41B9-8AF6-29C280D8AE01}"
EndProject
Project("{FAE04EC0-301F-11D3-BF4B-00C04F79EFBC}") = "ClickApp.SpecFlow.Tests", "..\Dev\ClickApp.SpecFlow.Tests\ClickApp.SpecFlow.Tests.csproj", "{BFDC4F86-143D-45CE-A48C-28E6F50B653F}"
EndProject
Global
	GlobalSection(SolutionConfigurationPlatforms) = preSolution
		Debug|Any CPU = Debug|Any CPU
		Release|Any CPU = Release|Any CPU
	EndGlobalSection
	GlobalSection(ProjectConfigurationPlatforms) = postSolution
		{599B694A-FA1A-4727-87CD-7BE213882770}.Debug|Any CPU.ActiveCfg = Debug|Any CPU
		{599B694A-FA1A-4727-87CD-7BE213882770}.Debug|Any CPU.Build.0 = Debug|Any CPU
		{599B694A-FA1A-4727-87CD-7BE213882770}.Release|Any CPU.ActiveCfg = Release|Any CPU
		{599B694A-FA1A-4727-87CD-7BE213882770}.Release|Any CPU.Build.0 = Release|Any CPU
		{C5CAF536-B733-41B9-8AF6-29C280D8AE01}.Debug|Any CPU.ActiveCfg = Debug|Any CPU
		{C5CAF536-B733-41B9-8AF6-29C280D8AE01}.Debug|Any CPU.Build.0 = Debug|Any CPU
		{C5CAF536-B733-41B9-8AF6-29C280D8AE01}.Release|Any CPU.ActiveCfg = Release|Any CPU
		{C5CAF536-B733-41B9-8AF6-29C280D8AE01}.Release|Any CPU.Build.0 = Release|Any CPU
		{BFDC4F86-143D-45CE-A48C-28E6F50B653F}.Debug|Any CPU.ActiveCfg = Debug|Any CPU
		{BFDC4F86-143D-45CE-A48C-28E6F50B653F}.Debug|Any CPU.Build.0 = Debug|Any CPU
		{BFDC4F86-143D-45CE-A48C-28E6F50B653F}.Release|Any CPU.ActiveCfg = Release|Any CPU
		{BFDC4F86-143D-45CE-A48C-28E6F50B653F}.Release|Any CPU.Build.0 = Release|Any CPU
	EndGlobalSection
	GlobalSection(SolutionProperties) = preSolution
		HideSolutionNode = FALSE
	EndGlobalSection
EndGlobal
